
Microsoft Visual Studio Solution File, Format Version 12.00
# Visual Studio 15
VisualStudioVersion = 15.0.26403.0
MinimumVisualStudioVersion = 10.0.40219.1
Project("{FAE04EC0-301F-11D3-BF4B-00C04F79EFBC}") = "APIPACAS", "APIPACAS\APIPACAS.csproj", "{DA41EC0A-F875-4ADE-B18F-80B620FD8CA8}"
EndProject
Project("{FAE04EC0-301F-11D3-BF4B-00C04F79EFBC}") = "ConectarData", "ConectarData\ConectarData.csproj", "{DBC0968E-C2B8-41F3-8062-F48F8BE41139}"
EndProject
Project("{FAE04EC0-301F-11D3-BF4B-00C04F79EFBC}") = "CONSUMIRPACAS", "CONSUMIRPACAS\CONSUMIRPACAS.csproj", "{59393F09-E03F-4ACF-9F8F-61604FA1B814}"
EndProject
Global
	GlobalSection(SolutionConfigurationPlatforms) = preSolution
		Debug|Any CPU = Debug|Any CPU
		Release|Any CPU = Release|Any CPU
	EndGlobalSection
	GlobalSection(ProjectConfigurationPlatforms) = postSolution
		{DA41EC0A-F875-4ADE-B18F-80B620FD8CA8}.Debug|Any CPU.ActiveCfg = Debug|Any CPU
		{DA41EC0A-F875-4ADE-B18F-80B620FD8CA8}.Debug|Any CPU.Build.0 = Debug|Any CPU
		{DA41EC0A-F875-4ADE-B18F-80B620FD8CA8}.Release|Any CPU.ActiveCfg = Release|Any CPU
		{DA41EC0A-F875-4ADE-B18F-80B620FD8CA8}.Release|Any CPU.Build.0 = Release|Any CPU
		{DBC0968E-C2B8-41F3-8062-F48F8BE41139}.Debug|Any CPU.ActiveCfg = Debug|Any CPU
		{DBC0968E-C2B8-41F3-8062-F48F8BE41139}.Debug|Any CPU.Build.0 = Debug|Any CPU
		{DBC0968E-C2B8-41F3-8062-F48F8BE41139}.Release|Any CPU.ActiveCfg = Release|Any CPU
		{DBC0968E-C2B8-41F3-8062-F48F8BE41139}.Release|Any CPU.Build.0 = Release|Any CPU
		{59393F09-E03F-4ACF-9F8F-61604FA1B814}.Debug|Any CPU.ActiveCfg = Debug|Any CPU
		{59393F09-E03F-4ACF-9F8F-61604FA1B814}.Debug|Any CPU.Build.0 = Debug|Any CPU
		{59393F09-E03F-4ACF-9F8F-61604FA1B814}.Release|Any CPU.ActiveCfg = Release|Any CPU
		{59393F09-E03F-4ACF-9F8F-61604FA1B814}.Release|Any CPU.Build.0 = Release|Any CPU
	EndGlobalSection
	GlobalSection(SolutionProperties) = preSolution
		HideSolutionNode = FALSE
	EndGlobalSection
EndGlobal
